{
   "name": "phywppl",
   "version": "1.0.0",
   "lockfileVersion": 1,
   "requires": true,
   "dependencies": {
      "adnn": {
         "version": "2.0.10",
         "resolved": "https://registry.npmjs.org/adnn/-/adnn-2.0.10.tgz",
         "integrity": "sha1-TjvJsHdWL1POAMFtDoDdlknrhCs="
      },
      "amdefine": {
         "version": "1.0.1",
         "resolved": "https://registry.npmjs.org/amdefine/-/amdefine-1.0.1.tgz",
         "integrity": "sha1-SlKCrBZHKek2Gbz9OtFR+BfOkfU="
      },
      "ast-types": {
         "version": "0.9.14",
         "resolved": "https://registry.npmjs.org/ast-types/-/ast-types-0.9.14.tgz",
         "integrity": "sha512-Ebvx7/0lLboCdyEmAw/4GqwBeKIijPveXNiVGhCGCNxc7z26T5he7DC6ARxu8ByKuzUZZcLog+VP8GMyZrBzJw=="
      },
      "balanced-match": {
         "version": "1.0.2",
         "resolved": "https://registry.npmjs.org/balanced-match/-/balanced-match-1.0.2.tgz",
         "integrity": "sha512-3oSeUO0TMV67hN1AmbXsK4yaqU7tjiHlbxRDZOpH0KW9+CeX4bRAaX0Anxt0tx2MrpRpWwQaPwIlISEJhYU5Pw=="
      },
      "brace-expansion": {
         "version": "1.1.11",
         "resolved": "https://registry.npmjs.org/brace-expansion/-/brace-expansion-1.1.11.tgz",
         "integrity": "sha512-iCuPHDFgrHX7H2vEI/5xpz07zSHB00TpugqhmYtVmMO6518mCuRMoOYFldEBl0g187ufozdaHgWKcYFb61qGiA==",
         "requires": {
            "balanced-match": "^1.0.0",
            "concat-map": "0.0.1"
         }
      },
      "colors": {
         "version": "1.4.0",
         "resolved": "https://registry.npmjs.org/colors/-/colors-1.4.0.tgz",
         "integrity": "sha512-a+UqTh4kgZg/SlGvfbzDHpgRu7AAQOmmqRHJnxhRZICKFUT91brVhNNt58CMWU9PsBbv3PDCZUHbVxuDiH2mtA=="
      },
      "concat-map": {
         "version": "0.0.1",
         "resolved": "https://registry.npmjs.org/concat-map/-/concat-map-0.0.1.tgz",
         "integrity": "sha1-2Klr13/Wjfd5OnMDajug1UBdR3s="
      },
      "deep-is": {
         "version": "0.1.3",
         "resolved": "https://registry.npmjs.org/deep-is/-/deep-is-0.1.3.tgz",
         "integrity": "sha1-s2nW+128E+7PUk+RsHD+7cNXzzQ="
      },
      "dom-walk": {
         "version": "0.1.2",
         "resolved": "https://registry.npmjs.org/dom-walk/-/dom-walk-0.1.2.tgz",
         "integrity": "sha512-6QvTW9mrGeIegrFXdtQi9pk7O/nSK6lSdXW2eqUspN5LWD7UTji2Fqw5V2YLjBpHEoU9Xl/eUWNpDeZvoyOv2w=="
      },
      "escodegen": {
         "version": "1.14.3",
         "resolved": "https://registry.npmjs.org/escodegen/-/escodegen-1.14.3.tgz",
         "integrity": "sha512-qFcX0XJkdg+PB3xjZZG/wKSuT1PnQWx57+TVSjIMmILd2yC/6ByYElPwJnslDsuWuSAp4AwJGumarAAmJch5Kw==",
         "requires": {
            "esprima": "^4.0.1",
            "estraverse": "^4.2.0",
            "esutils": "^2.0.2",
            "optionator": "^0.8.1",
            "source-map": "~0.6.1"
         },
         "dependencies": {
            "esprima": {
               "version": "4.0.1",
               "resolved": "https://registry.npmjs.org/esprima/-/esprima-4.0.1.tgz",
               "integrity": "sha512-eGuFFw7Upda+g4p+QHvnW0RyTX/SVeJBDM/gCtMARO0cLuT2HcEKnTPvhjV6aGeqrCB/sbNop0Kszm0jsaWU4A=="
            },
            "source-map": {
               "version": "0.6.1",
               "resolved": "https://registry.npmjs.org/source-map/-/source-map-0.6.1.tgz",
               "integrity": "sha512-UjgapumWlbMhkBgzT7Ykc5YXUT46F0iKu8SGXq0bcwP5dz/h0Plj6enJqjz1Zbq2l5WaqYnrVbwWOWMyF3F47g==",
               "optional": true
            }
         }
      },
      "escope": {
         "version": "1.0.3",
         "resolved": "https://registry.npmjs.org/escope/-/escope-1.0.3.tgz",
         "integrity": "sha1-dZ3OhJbEJI/sLQyq9BCLzz8af10=",
         "requires": {
            "estraverse": "^2.0.0"
         },
         "dependencies": {
            "estraverse": {
               "version": "2.0.0",
               "resolved": "https://registry.npmjs.org/estraverse/-/estraverse-2.0.0.tgz",
               "integrity": "sha1-WuRpYyQ2ACBmdMyySgnhZnT83KE="
            }
         }
      },
      "esmangle": {
         "version": "1.0.1",
         "resolved": "https://registry.npmjs.org/esmangle/-/esmangle-1.0.1.tgz",
         "integrity": "sha1-2bs3uPjq+/Tm1O1reqKVarvTxMI=",
         "requires": {
            "escodegen": "~1.3.2",
            "escope": "~1.0.1",
            "esprima": "~1.1.1",
            "esshorten": "~1.1.0",
            "estraverse": "~1.5.0",
            "esutils": "~ 1.0.0",
            "optionator": "~0.3.0",
            "source-map": "~0.1.33"
         },
         "dependencies": {
            "escodegen": {
               "version": "1.3.3",
               "resolved": "https://registry.npmjs.org/escodegen/-/escodegen-1.3.3.tgz",
               "integrity": "sha1-8CQBb1qI4Eb9EgBQVek5gC5sXyM=",
               "requires": {
                  "esprima": "~1.1.1",
                  "estraverse": "~1.5.0",
                  "esutils": "~1.0.0",
                  "source-map": "~0.1.33"
               }
            },
            "esprima": {
               "version": "1.1.1",
               "resolved": "https://registry.npmjs.org/esprima/-/esprima-1.1.1.tgz",
               "integrity": "sha1-W28VR/TRAuZw4UDFCb5ncdautUk="
            },
            "estraverse": {
               "version": "1.5.1",
               "resolved": "https://registry.npmjs.org/estraverse/-/estraverse-1.5.1.tgz",
               "integrity": "sha1-hno+jlip+EYYr7bC3bzZFrfLr3E="
            },
            "esutils": {
               "version": "1.0.0",
               "resolved": "https://registry.npmjs.org/esutils/-/esutils-1.0.0.tgz",
               "integrity": "sha1-gVHTWOIMisx/t0XnRywAJf5JZXA="
            },
            "fast-levenshtein": {
               "version": "1.0.7",
               "resolved": "https://registry.npmjs.org/fast-levenshtein/-/fast-levenshtein-1.0.7.tgz",
               "integrity": "sha1-AXjc3uAjuSkFGTrwlZ6KdjnP3Lk="
            },
            "levn": {
               "version": "0.2.5",
               "resolved": "https://registry.npmjs.org/levn/-/levn-0.2.5.tgz",
               "integrity": "sha1-uo0znQykphDjo/FFucr0iAcVUFQ=",
               "requires": {
                  "prelude-ls": "~1.1.0",
                  "type-check": "~0.3.1"
               }
            },
            "optionator": {
               "version": "0.3.0",
               "resolved": "https://registry.npmjs.org/optionator/-/optionator-0.3.0.tgz",
               "integrity": "sha1-lxWotfXnWGz/BsgkngOc1zZNP1Q=",
               "requires": {
                  "deep-is": "~0.1.2",
                  "fast-levenshtein": "~1.0.0",
                  "levn": "~0.2.4",
                  "prelude-ls": "~1.1.0",
                  "type-check": "~0.3.1",
                  "wordwrap": "~0.0.2"
               }
            },
            "source-map": {
               "version": "0.1.43",
               "resolved": "https://registry.npmjs.org/source-map/-/source-map-0.1.43.tgz",
               "integrity": "sha1-wkvBRspRfBRx9drL4lcbK3+eM0Y=",
               "requires": {
                  "amdefine": ">=0.0.4"
               }
            }
         }
      },
      "esprima": {
         "version": "3.1.3",
         "resolved": "https://registry.npmjs.org/esprima/-/esprima-3.1.3.tgz",
         "integrity": "sha1-/cpRzuYTOJXjyI1TXOSdv/YqRjM="
      },
      "esshorten": {
         "version": "1.1.1",
         "resolved": "https://registry.npmjs.org/esshorten/-/esshorten-1.1.1.tgz",
         "integrity": "sha1-F0+Wt8wmfkaHLYFOfbfCkL3/Yak=",
         "requires": {
            "escope": "~1.0.1",
            "estraverse": "~4.1.1",
            "esutils": "~2.0.2"
         },
         "dependencies": {
            "estraverse": {
               "version": "4.1.1",
               "resolved": "https://registry.npmjs.org/estraverse/-/estraverse-4.1.1.tgz",
               "integrity": "sha1-9srKcokzqFDvkGYdDheYK6RxEaI="
            }
         }
      },
      "estemplate": {
         "version": "0.5.1",
         "resolved": "https://registry.npmjs.org/estemplate/-/estemplate-0.5.1.tgz",
         "integrity": "sha1-FxSp1GGQc4rJWLyv1J4CnNpWo54=",
         "requires": {
            "esprima": "^2.7.2",
            "estraverse": "^4.1.1"
         },
         "dependencies": {
            "esprima": {
               "version": "2.7.3",
               "resolved": "https://registry.npmjs.org/esprima/-/esprima-2.7.3.tgz",
               "integrity": "sha1-luO3DVd59q1JzQMmc9HDEnZ7pYE="
            }
         }
      },
      "estraverse": {
         "version": "4.3.0",
         "resolved": "https://registry.npmjs.org/estraverse/-/estraverse-4.3.0.tgz",
         "integrity": "sha512-39nnKffWz8xN1BU/2c79n9nB9HDzo0niYUqx6xyqUnyoAnQyyWpOTdZEeiCch8BBu515t4wp9ZmgVfVhn9EBpw=="
      },
      "esutils": {
         "version": "2.0.3",
         "resolved": "https://registry.npmjs.org/esutils/-/esutils-2.0.3.tgz",
         "integrity": "sha512-kVscqXk4OCp68SZ0dkgEKVi6/8ij300KBWTJq32P/dYeWTSwK41WyTxalN1eRmA5Z9UU/LX9D7FWSmV9SAYx6g=="
      },
      "fast-levenshtein": {
         "version": "2.0.6",
         "resolved": "https://registry.npmjs.org/fast-levenshtein/-/fast-levenshtein-2.0.6.tgz",
         "integrity": "sha1-PYpcZog6FqMMqGQ+hR8Zuqd5eRc="
      },
      "fs.realpath": {
         "version": "1.0.0",
         "resolved": "https://registry.npmjs.org/fs.realpath/-/fs.realpath-1.0.0.tgz",
         "integrity": "sha1-FQStJSMVjKpA20onh8sBQRmU6k8="
      },
      "function-bind": {
         "version": "1.1.1",
         "resolved": "https://registry.npmjs.org/function-bind/-/function-bind-1.1.1.tgz",
         "integrity": "sha512-yIovAzMX49sF8Yl58fSCWJ5svSLuaibPxXQJFLmBObTuCr0Mf1KiPopGM9NiFjiYBCbfaa2Fh6breQ6ANVTI0A=="
      },
      "glob": {
         "version": "7.1.7",
         "resolved": "https://registry.npmjs.org/glob/-/glob-7.1.7.tgz",
         "integrity": "sha512-OvD9ENzPLbegENnYP5UUfJIirTg4+XwMWGaQfQTY0JenxNvvIKP3U3/tAQSPIu/lHxXYSZmpXlUHeqAIdKzBLQ==",
         "requires": {
            "fs.realpath": "^1.0.0",
            "inflight": "^1.0.4",
            "inherits": "2",
            "minimatch": "^3.0.4",
            "once": "^1.3.0",
            "path-is-absolute": "^1.0.0"
         }
      },
      "global": {
         "version": "4.4.0",
         "resolved": "https://registry.npmjs.org/global/-/global-4.4.0.tgz",
         "integrity": "sha512-wv/LAoHdRE3BeTGz53FAamhGlPLhlssK45usmGFThIi4XqnBmjKQ16u+RNbP7WvigRZDxUsM0J3gcQ5yicaL0w==",
         "requires": {
            "min-document": "^2.19.0",
            "process": "^0.11.10"
         }
      },
      "has": {
         "version": "1.0.3",
         "resolved": "https://registry.npmjs.org/has/-/has-1.0.3.tgz",
         "integrity": "sha512-f2dvO0VU6Oej7RkWJGrehjbzMAjFp5/VKPp5tTpWIV4JHHZK1/BxbFRtf/siA2SWTe09caDmVtYYzWEIbBS4zw==",
         "requires": {
            "function-bind": "^1.1.1"
         }
      },
      "inflight": {
         "version": "1.0.6",
         "resolved": "https://registry.npmjs.org/inflight/-/inflight-1.0.6.tgz",
         "integrity": "sha1-Sb1jMdfQLQwJvJEKEHW6gWW1bfk=",
         "requires": {
            "once": "^1.3.0",
            "wrappy": "1"
         }
      },
      "inherits": {
         "version": "2.0.4",
         "resolved": "https://registry.npmjs.org/inherits/-/inherits-2.0.4.tgz",
         "integrity": "sha512-k/vGaX4/Yla3WzyMCvTQOXYeIHvqOKtnqBduzTHpzpQZzAskKMhZ2K+EnBiSM9zGSoIFeMpXKxa4dYeZIQqewQ=="
      },
      "interpret": {
         "version": "1.4.0",
         "resolved": "https://registry.npmjs.org/interpret/-/interpret-1.4.0.tgz",
         "integrity": "sha512-agE4QfB2Lkp9uICn7BAqoscw4SZP9kTE2hxiFI3jBPmXJfdqiahTbUuKGsMoN2GtqL9AxhYioAcVvgsb1HvRbA=="
      },
      "is-core-module": {
         "version": "2.4.0",
         "resolved": "https://registry.npmjs.org/is-core-module/-/is-core-module-2.4.0.tgz",
         "integrity": "sha512-6A2fkfq1rfeQZjxrZJGerpLCTHRNEBiSgnu0+obeJpEPZRUooHgsizvzv0ZjJwOz3iWIHdJtVWJ/tmPr3D21/A==",
         "requires": {
            "has": "^1.0.3"
         }
      },
      "levn": {
         "version": "0.3.0",
         "resolved": "https://registry.npmjs.org/levn/-/levn-0.3.0.tgz",
         "integrity": "sha1-OwmSTt+fCDwEkP3UwLxEIeBHZO4=",
         "requires": {
            "prelude-ls": "~1.1.2",
            "type-check": "~0.3.2"
         }
      },
      "lodash": {
         "version": "4.17.21",
         "resolved": "https://registry.npmjs.org/lodash/-/lodash-4.17.21.tgz",
         "integrity": "sha512-v2kDEe57lecTulaDIuNTPy3Ry4gLGJ6Z1O3vE1krgXZNrsQ+LFTGHVxVjcXPs17LhbZVGedAJv8XZ1tvj5FvSg=="
      },
      "lru-cache": {
         "version": "4.1.5",
         "resolved": "https://registry.npmjs.org/lru-cache/-/lru-cache-4.1.5.tgz",
         "integrity": "sha512-sWZlbEP2OsHNkXrMl5GYk/jKk70MBng6UU4YI/qGDYbgf6YbP4EvmqISbXCoJiRKs+1bSpFHVgQxvJ17F2li5g==",
         "requires": {
            "pseudomap": "^1.0.2",
            "yallist": "^2.1.2"
         }
      },
      "min-document": {
         "version": "2.19.0",
         "resolved": "https://registry.npmjs.org/min-document/-/min-document-2.19.0.tgz",
         "integrity": "sha1-e9KC4/WELtKVu3SM3Z8f+iyCRoU=",
         "requires": {
            "dom-walk": "^0.1.0"
         }
      },
      "minimatch": {
         "version": "3.0.4",
         "resolved": "https://registry.npmjs.org/minimatch/-/minimatch-3.0.4.tgz",
         "integrity": "sha512-yJHVQEhyqPLUTgt9B83PXu6W3rx4MvvHvSUvToogpwoGDOUQ+yDrR0HRot+yOCdCO7u4hX3pWft6kWBBcqh0UA==",
         "requires": {
            "brace-expansion": "^1.1.7"
         }
      },
      "minimist": {
         "version": "1.2.5",
         "resolved": "https://registry.npmjs.org/minimist/-/minimist-1.2.5.tgz",
         "integrity": "sha512-FM9nNUYrRBAELZQT3xeZQ7fmMOBg6nWNmJKTcgsJeaLstP/UODVpGsr5OhXhhXg6f+qtJ8uiZ+PUxkDWcgIXLw=="
      },
      "once": {
         "version": "1.4.0",
         "resolved": "https://registry.npmjs.org/once/-/once-1.4.0.tgz",
         "integrity": "sha1-WDsap3WWHUsROsF9nFC6753Xa9E=",
         "requires": {
            "wrappy": "1"
         }
      },
      "optionator": {
         "version": "0.8.3",
         "resolved": "https://registry.npmjs.org/optionator/-/optionator-0.8.3.tgz",
         "integrity": "sha512-+IW9pACdk3XWmmTXG8m3upGUJst5XRGzxMRjXzAuJ1XnIFNvfhjjIuYkDvysnPQ7qzqVzLt78BCruntqRhWQbA==",
         "requires": {
            "deep-is": "~0.1.3",
            "fast-levenshtein": "~2.0.6",
            "levn": "~0.3.0",
            "prelude-ls": "~1.1.2",
            "type-check": "~0.3.2",
            "word-wrap": "~1.2.3"
         }
      },
      "path-is-absolute": {
         "version": "1.0.1",
         "resolved": "https://registry.npmjs.org/path-is-absolute/-/path-is-absolute-1.0.1.tgz",
         "integrity": "sha1-F0uSaHNVNP+8es5r9TpanhtcX18="
      },
      "path-parse": {
         "version": "1.0.7",
         "resolved": "https://registry.npmjs.org/path-parse/-/path-parse-1.0.7.tgz",
         "integrity": "sha512-LDJzPVEEEPR+y48z93A0Ed0yXb8pAByGWo/k5YYdYgpY2/2EsOsksJrq7lOHxryrVOn1ejG6oAp8ahvOIQD8sw=="
      },
      "phyjs": {
         "version": "file:../phyjs"
      },
      "prelude-ls": {
         "version": "1.1.2",
         "resolved": "https://registry.npmjs.org/prelude-ls/-/prelude-ls-1.1.2.tgz",
         "integrity": "sha1-IZMqVJ9eUv/ZqCf1cOBL5iqX2lQ="
      },
      "present": {
         "version": "1.0.0",
         "resolved": "https://registry.npmjs.org/present/-/present-1.0.0.tgz",
         "integrity": "sha1-bS+GW+epaIURj0Zg6D4hYftxzys="
      },
      "priorityqueuejs": {
         "version": "1.0.0",
         "resolved": "https://registry.npmjs.org/priorityqueuejs/-/priorityqueuejs-1.0.0.tgz",
         "integrity": "sha1-LuTyPCVgkT4IwHzlzN1t498sWvg="
      },
      "process": {
         "version": "0.11.10",
         "resolved": "https://registry.npmjs.org/process/-/process-0.11.10.tgz",
         "integrity": "sha1-czIwDoQBYb2j5podHZGn1LwW8YI="
      },
      "pseudomap": {
         "version": "1.0.2",
         "resolved": "https://registry.npmjs.org/pseudomap/-/pseudomap-1.0.2.tgz",
         "integrity": "sha1-8FKijacOYYkX7wqKw0wa5aaChrM="
      },
      "rechoir": {
         "version": "0.6.2",
         "resolved": "https://registry.npmjs.org/rechoir/-/rechoir-0.6.2.tgz",
         "integrity": "sha1-hSBLVNuoLVdC4oyWdW70OvUOM4Q=",
         "requires": {
            "resolve": "^1.1.6"
         }
      },
      "resolve": {
         "version": "1.20.0",
         "resolved": "https://registry.npmjs.org/resolve/-/resolve-1.20.0.tgz",
         "integrity": "sha512-wENBPt4ySzg4ybFQW2TT1zMQucPK95HSh/nq2CFTZVOGut2+pQvSsgtda4d26YrYcr067wjbmzOG8byDPBX63A==",
         "requires": {
            "is-core-module": "^2.2.0",
            "path-parse": "^1.0.6"
         }
      },
      "seedrandom": {
         "version": "2.4.4",
         "resolved": "https://registry.npmjs.org/seedrandom/-/seedrandom-2.4.4.tgz",
         "integrity": "sha512-9A+PDmgm+2du77B5i0Ip2cxOqqHjgNxnBgglxLcX78A2D6c2rTo61z4jnVABpF4cKeDMDG+cmXXvdnqse2VqMA=="
      },
      "shelljs": {
         "version": "0.8.4",
         "resolved": "https://registry.npmjs.org/shelljs/-/shelljs-0.8.4.tgz",
         "integrity": "sha512-7gk3UZ9kOfPLIAbslLzyWeGiEqx9e3rxwZM0KE6EL8GlGwjym9Mrlx5/p33bWTu9YG6vcS4MBxYZDHYr5lr8BQ==",
         "requires": {
            "glob": "^7.0.0",
            "interpret": "^1.0.0",
            "rechoir": "^0.6.2"
         }
      },
      "source-map": {
         "version": "0.5.7",
         "resolved": "https://registry.npmjs.org/source-map/-/source-map-0.5.7.tgz",
         "integrity": "sha1-igOdLRAh0i0eoUyA2OpGi6LvP8w="
      },
      "stack-trace": {
         "version": "0.0.9",
         "resolved": "https://registry.npmjs.org/stack-trace/-/stack-trace-0.0.9.tgz",
         "integrity": "sha1-qPbq7KkGdMMz58Q5U/J1tFFRBpU="
      },
      "type-check": {
         "version": "0.3.2",
         "resolved": "https://registry.npmjs.org/type-check/-/type-check-0.3.2.tgz",
         "integrity": "sha1-WITKtRLPHTVeP7eE8wgEsrUg23I=",
         "requires": {
            "prelude-ls": "~1.1.2"
         }
      },
      "webppl": {
         "version": "0.9.15",
         "resolved": "https://registry.npmjs.org/webppl/-/webppl-0.9.15.tgz",
         "integrity": "sha512-hqzFufSDza0QRVt/PGZQsiZKaoSOaWvxf5kl4Q4KTI39JXc5pS12yVhZDG5wAi+/FcadZh+JEm/Y93XvOMPDhQ==",
         "requires": {
            "adnn": "^2.0.8",
            "amdefine": "^1.0.0",
            "ast-types": "^0.9.11",
            "colors": "^1.1.2",
            "escodegen": "^1.7.0",
            "esmangle": "^1.0.1",
            "esprima": "^3.1.3",
            "estemplate": "^0.5.1",
            "estraverse": "^4.1.0",
            "esutils": "^2.0.2",
            "lodash": "^4.17.2",
            "lru-cache": "^4.0.0",
            "minimist": "^1.2.0",
            "present": "^1.0.0",
            "priorityqueuejs": "~1.0.0",
            "seedrandom": "^2.4.2",
            "source-map": "^0.5.3",
            "stack-trace": "0.0.9"
         }
      },
      "word-wrap": {
         "version": "1.2.3",
         "resolved": "https://registry.npmjs.org/word-wrap/-/word-wrap-1.2.3.tgz",
         "integrity": "sha512-Hz/mrNwitNRh/HUAtM/VT/5VH+ygD6DV7mYKZAtHOrbs8U7lvPS6xf7EJKMF0uW1KJCl0H701g3ZGus+muE5vQ=="
      },
      "wordwrap": {
         "version": "0.0.3",
         "resolved": "https://registry.npmjs.org/wordwrap/-/wordwrap-0.0.3.tgz",
         "integrity": "sha1-o9XabNXAvAAI03I0u68b7WMFkQc="
      },
      "wrappy": {
         "version": "1.0.2",
         "resolved": "https://registry.npmjs.org/wrappy/-/wrappy-1.0.2.tgz",
         "integrity": "sha1-tSQ9jz7BqjXxNkYFvA0QNuMKtp8="
      },
      "yallist": {
         "version": "2.1.2",
         "resolved": "https://registry.npmjs.org/yallist/-/yallist-2.1.2.tgz",
         "integrity": "sha1-HBH5IY8HYImkfdUS+TxmmaaoHVI="
      }
   }
}
